
Microsoft Visual Studio Solution File, Format Version 12.00
# Visual Studio 15
VisualStudioVersion = 15.0.26730.12
MinimumVisualStudioVersion = 10.0.40219.1
Project("{FAE04EC0-301F-11D3-BF4B-00C04F79EFBC}") = "BlobStorage", "BlobStorage\BlobStorage.csproj", "{FE06E047-1CCC-4D7B-9D90-E954712AC37B}"
EndProject
Global
	GlobalSection(SolutionConfigurationPlatforms) = preSolution
		Debug|Any CPU = Debug|Any CPU
		Release|Any CPU = Release|Any CPU
	EndGlobalSection
	GlobalSection(ProjectConfigurationPlatforms) = postSolution
		{FE06E047-1CCC-4D7B-9D90-E954712AC37B}.Debug|Any CPU.ActiveCfg = Debug|Any CPU
		{FE06E047-1CCC-4D7B-9D90-E954712AC37B}.Debug|Any CPU.Build.0 = Debug|Any CPU
		{FE06E047-1CCC-4D7B-9D90-E954712AC37B}.Release|Any CPU.ActiveCfg = Release|Any CPU
		{FE06E047-1CCC-4D7B-9D90-E954712AC37B}.Release|Any CPU.Build.0 = Release|Any CPU
	EndGlobalSection
	GlobalSection(SolutionProperties) = preSolution
		HideSolutionNode = FALSE
	EndGlobalSection
	GlobalSection(ExtensibilityGlobals) = postSolution
		SolutionGuid = {0E52B8D5-99D3-4802-860D-3A97F301E6DC}
	EndGlobalSection
EndGlobal
